// !$*UTF8*$!
{
	archiveVersion = 1;
	classes = {
	};
	objectVersion = 46;
	objects = {

/* Begin PBXBuildFile section */
		1691F5711A599C69002C78C4 /* AppDelegate.swift in Sources */ = {isa = PBXBuildFile; fileRef = 1691F5701A599C69002C78C4 /* AppDelegate.swift */; };
		1691F5741A599C69002C78C4 /* Digg.xcdatamodeld in Sources */ = {isa = PBXBuildFile; fileRef = 1691F5721A599C69002C78C4 /* Digg.xcdatamodeld */; };
		1691F5761A599C69002C78C4 /* ViewController.swift in Sources */ = {isa = PBXBuildFile; fileRef = 1691F5751A599C69002C78C4 /* ViewController.swift */; };
		1691F5791A599C69002C78C4 /* Main.storyboard in Resources */ = {isa = PBXBuildFile; fileRef = 1691F5771A599C69002C78C4 /* Main.storyboard */; };
		1691F57B1A599C69002C78C4 /* Images.xcassets in Resources */ = {isa = PBXBuildFile; fileRef = 1691F57A1A599C69002C78C4 /* Images.xcassets */; };
		1691F57E1A599C69002C78C4 /* LaunchScreen.xib in Resources */ = {isa = PBXBuildFile; fileRef = 1691F57C1A599C69002C78C4 /* LaunchScreen.xib */; };
		1691F58A1A599C69002C78C4 /* DiggTests.swift in Sources */ = {isa = PBXBuildFile; fileRef = 1691F5891A599C69002C78C4 /* DiggTests.swift */; };
/* End PBXBuildFile section */

/* Begin PBXContainerItemProxy section */
		1691F5841A599C69002C78C4 /* PBXContainerItemProxy */ = {
			isa = PBXContainerItemProxy;
			containerPortal = 1691F5631A599C69002C78C4 /* Project object */;
			proxyType = 1;
			remoteGlobalIDString = 1691F56A1A599C69002C78C4;
			remoteInfo = Digg;
		};
/* End PBXContainerItemProxy section */

/* Begin PBXFileReference section */
		1691F56B1A599C69002C78C4 /* Digg.app */ = {isa = PBXFileReference; explicitFileType = wrapper.application; includeInIndex = 0; path = Digg.app; sourceTree = BUILT_PRODUCTS_DIR; };
		1691F56F1A599C69002C78C4 /* Info.plist */ = {isa = PBXFileReference; lastKnownFileType = text.plist.xml; path = Info.plist; sourceTree = "<group>"; };
		1691F5701A599C69002C78C4 /* AppDelegate.swift */ = {isa = PBXFileReference; lastKnownFileType = sourcecode.swift; path = AppDelegate.swift; sourceTree = "<group>"; };
		1691F5731A599C69002C78C4 /* Digg.xcdatamodel */ = {isa = PBXFileReference; lastKnownFileType = wrapper.xcdatamodel; path = Digg.xcdatamodel; sourceTree = "<group>"; };
		1691F5751A599C69002C78C4 /* ViewController.swift */ = {isa = PBXFileReference; lastKnownFileType = sourcecode.swift; path = ViewController.swift; sourceTree = "<group>"; };
		1691F5781A599C69002C78C4 /* Base */ = {isa = PBXFileReference; lastKnownFileType = file.storyboard; name = Base; path = Base.lproj/Main.storyboard; sourceTree = "<group>"; };
		1691F57A1A599C69002C78C4 /* Images.xcassets */ = {isa = PBXFileReference; lastKnownFileType = folder.assetcatalog; path = Images.xcassets; sourceTree = "<group>"; };
		1691F57D1A599C69002C78C4 /* Base */ = {isa = PBXFileReference; lastKnownFileType = file.xib; name = Base; path = Base.lproj/LaunchScreen.xib; sourceTree = "<group>"; };
		1691F5831A599C69002C78C4 /* DiggTests.xctest */ = {isa = PBXFileReference; explicitFileType = wrapper.cfbundle; includeInIndex = 0; path = DiggTests.xctest; sourceTree = BUILT_PRODUCTS_DIR; };
		1691F5881A599C69002C78C4 /* Info.plist */ = {isa = PBXFileReference; lastKnownFileType = text.plist.xml; path = Info.plist; sourceTree = "<group>"; };
		1691F5891A599C69002C78C4 /* DiggTests.swift */ = {isa = PBXFileReference; lastKnownFileType = sourcecode.swift; path = DiggTests.swift; sourceTree = "<group>"; };
/* End PBXFileReference section */

/* Begin PBXFrameworksBuildPhase section */
		1691F5681A599C69002C78C4 /* Frameworks */ = {
			isa = PBXFrameworksBuildPhase;
			buildActionMask = 2147483647;
			files = (
			);
			runOnlyForDeploymentPostprocessing = 0;
		};
		1691F5801A599C69002C78C4 /* Frameworks */ = {
			isa = PBXFrameworksBuildPhase;
			buildActionMask = 2147483647;
			files = (
			);
			runOnlyForDeploymentPostprocessing = 0;
		};
/* End PBXFrameworksBuildPhase section */

/* Begin PBXGroup section */
		1691F5621A599C69002C78C4 = {
			isa = PBXGroup;
			children = (
				1691F56D1A599C69002C78C4 /* Digg */,
				1691F5861A599C69002C78C4 /* DiggTests */,
				1691F56C1A599C69002C78C4 /* Products */,
			);
			sourceTree = "<group>";
		};
		1691F56C1A599C69002C78C4 /* Products */ = {
			isa = PBXGroup;
			children = (
				1691F56B1A599C69002C78C4 /* Digg.app */,
				1691F5831A599C69002C78C4 /* DiggTests.xctest */,
			);
			name = Products;
			sourceTree = "<group>";
		};
		1691F56D1A599C69002C78C4 /* Digg */ = {
			isa = PBXGroup;
			children = (
				1691F5701A599C69002C78C4 /* AppDelegate.swift */,
				1691F5751A599C69002C78C4 /* ViewController.swift */,
				1691F5771A599C69002C78C4 /* Main.storyboard */,
				1691F57A1A599C69002C78C4 /* Images.xcassets */,
				1691F57C1A599C69002C78C4 /* LaunchScreen.xib */,
				1691F5721A599C69002C78C4 /* Digg.xcdatamodeld */,
				1691F56E1A599C69002C78C4 /* Supporting Files */,
			);
			path = Digg;
			sourceTree = "<group>";
		};
		1691F56E1A599C69002C78C4 /* Supporting Files */ = {
			isa = PBXGroup;
			children = (
				1691F56F1A599C69002C78C4 /* Info.plist */,
			);
			name = "Supporting Files";
			sourceTree = "<group>";
		};
		1691F5861A599C69002C78C4 /* DiggTests */ = {
			isa = PBXGroup;
			children = (
				1691F5891A599C69002C78C4 /* DiggTests.swift */,
				1691F5871A599C69002C78C4 /* Supporting Files */,
			);
			path = DiggTests;
			sourceTree = "<group>";
		};
		1691F5871A599C69002C78C4 /* Supporting Files */ = {
			isa = PBXGroup;
			children = (
				1691F5881A599C69002C78C4 /* Info.plist */,
			);
			name = "Supporting Files";
			sourceTree = "<group>";
		};
/* End PBXGroup section */

/* Begin PBXNativeTarget section */
		1691F56A1A599C69002C78C4 /* Digg */ = {
			isa = PBXNativeTarget;
			buildConfigurationList = 1691F58D1A599C69002C78C4 /* Build configuration list for PBXNativeTarget "Digg" */;
			buildPhases = (
				1691F5671A599C69002C78C4 /* Sources */,
				1691F5681A599C69002C78C4 /* Frameworks */,
				1691F5691A599C69002C78C4 /* Resources */,
			);
			buildRules = (
			);
			dependencies = (
			);
			name = Digg;
			productName = Digg;
			productReference = 1691F56B1A599C69002C78C4 /* Digg.app */;
			productType = "com.apple.product-type.application";
		};
		1691F5821A599C69002C78C4 /* DiggTests */ = {
			isa = PBXNativeTarget;
			buildConfigurationList = 1691F5901A599C69002C78C4 /* Build configuration list for PBXNativeTarget "DiggTests" */;
			buildPhases = (
				1691F57F1A599C69002C78C4 /* Sources */,
				1691F5801A599C69002C78C4 /* Frameworks */,
				1691F5811A599C69002C78C4 /* Resources */,
			);
			buildRules = (
			);
			dependencies = (
				1691F5851A599C69002C78C4 /* PBXTargetDependency */,
			);
			name = DiggTests;
			productName = DiggTests;
			productReference = 1691F5831A599C69002C78C4 /* DiggTests.xctest */;
			productType = "com.apple.product-type.bundle.unit-test";
		};
/* End PBXNativeTarget section */

/* Begin PBXProject section */
		1691F5631A599C69002C78C4 /* Project object */ = {
			isa = PBXProject;
			attributes = {
				LastUpgradeCheck = 0610;
				ORGANIZATIONNAME = "Akkshay Khoslaa";
				TargetAttributes = {
					1691F56A1A599C69002C78C4 = {
						CreatedOnToolsVersion = 6.1.1;
					};
					1691F5821A599C69002C78C4 = {
						CreatedOnToolsVersion = 6.1.1;
						TestTargetID = 1691F56A1A599C69002C78C4;
					};
				};
			};
			buildConfigurationList = 1691F5661A599C69002C78C4 /* Build configuration list for PBXProject "Digg" */;
			compatibilityVersion = "Xcode 3.2";
			developmentRegion = English;
			hasScannedForEncodings = 0;
			knownRegions = (
				en,
				Base,
			);
			mainGroup = 1691F5621A599C69002C78C4;
			productRefGroup = 1691F56C1A599C69002C78C4 /* Products */;
			projectDirPath = "";
			projectRoot = "";
			targets = (
				1691F56A1A599C69002C78C4 /* Digg */,
				1691F5821A599C69002C78C4 /* DiggTests */,
			);
		};
/* End PBXProject section */

/* Begin PBXResourcesBuildPhase section */
		1691F5691A599C69002C78C4 /* Resources */ = {
			isa = PBXResourcesBuildPhase;
			buildActionMask = 2147483647;
			files = (
				1691F5791A599C69002C78C4 /* Main.storyboard in Resources */,
				1691F57E1A599C69002C78C4 /* LaunchScreen.xib in Resources */,
				1691F57B1A599C69002C78C4 /* Images.xcassets in Resources */,
			);
			runOnlyForDeploymentPostprocessing = 0;
		};
		1691F5811A599C69002C78C4 /* Resources */ = {
			isa = PBXResourcesBuildPhase;
			buildActionMask = 2147483647;
			files = (
			);
			runOnlyForDeploymentPostprocessing = 0;
		};
/* End PBXResourcesBuildPhase section */

/* Begin PBXSourcesBuildPhase section */
		1691F5671A599C69002C78C4 /* Sources */ = {
			isa = PBXSourcesBuildPhase;
			buildActionMask = 2147483647;
			files = (
				1691F5761A599C69002C78C4 /* ViewController.swift in Sources */,
				1691F5741A599C69002C78C4 /* Digg.xcdatamodeld in Sources */,
				1691F5711A599C69002C78C4 /* AppDelegate.swift in Sources */,
			);
			runOnlyForDeploymentPostprocessing = 0;
		};
		1691F57F1A599C69002C78C4 /* Sources */ = {
			isa = PBXSourcesBuildPhase;
			buildActionMask = 2147483647;
			files = (
				1691F58A1A599C69002C78C4 /* DiggTests.swift in Sources */,
			);
			runOnlyForDeploymentPostprocessing = 0;
		};
/* End PBXSourcesBuildPhase section */

/* Begin PBXTargetDependency section */
		1691F5851A599C69002C78C4 /* PBXTargetDependency */ = {
			isa = PBXTargetDependency;
			target = 1691F56A1A599C69002C78C4 /* Digg */;
			targetProxy = 1691F5841A599C69002C78C4 /* PBXContainerItemProxy */;
		};
/* End PBXTargetDependency section */

/* Begin PBXVariantGroup section */
		1691F5771A599C69002C78C4 /* Main.storyboard */ = {
			isa = PBXVariantGroup;
			children = (
				1691F5781A599C69002C78C4 /* Base */,
			);
			name = Main.storyboard;
			sourceTree = "<group>";
		};
		1691F57C1A599C69002C78C4 /* LaunchScreen.xib */ = {
			isa = PBXVariantGroup;
			children = (
				1691F57D1A599C69002C78C4 /* Base */,
			);
			name = LaunchScreen.xib;
			sourceTree = "<group>";
		};
/* End PBXVariantGroup section */

/* Begin XCBuildConfiguration section */
		1691F58B1A599C69002C78C4 /* Debug */ = {
			isa = XCBuildConfiguration;
			buildSettings = {
				ALWAYS_SEARCH_USER_PATHS = NO;
				CLANG_CXX_LANGUAGE_STANDARD = "gnu++0x";
				CLANG_CXX_LIBRARY = "libc++";
				CLANG_ENABLE_MODULES = YES;
				CLANG_ENABLE_OBJC_ARC = YES;
				CLANG_WARN_BOOL_CONVERSION = YES;
				CLANG_WARN_CONSTANT_CONVERSION = YES;
				CLANG_WARN_DIRECT_OBJC_ISA_USAGE = YES_ERROR;
				CLANG_WARN_EMPTY_BODY = YES;
				CLANG_WARN_ENUM_CONVERSION = YES;
				CLANG_WARN_INT_CONVERSION = YES;
				CLANG_WARN_OBJC_ROOT_CLASS = YES_ERROR;
				CLANG_WARN_UNREACHABLE_CODE = YES;
				CLANG_WARN__DUPLICATE_METHOD_MATCH = YES;
				"CODE_SIGN_IDENTITY[sdk=iphoneos*]" = "iPhone Developer";
				COPY_PHASE_STRIP = NO;
				ENABLE_STRICT_OBJC_MSGSEND = YES;
				GCC_C_LANGUAGE_STANDARD = gnu99;
				GCC_DYNAMIC_NO_PIC = NO;
				GCC_OPTIMIZATION_LEVEL = 0;
				GCC_PREPROCESSOR_DEFINITIONS = (
					"DEBUG=1",
					"$(inherited)",
				);
				GCC_SYMBOLS_PRIVATE_EXTERN = NO;
				GCC_WARN_64_TO_32_BIT_CONVERSION = YES;
				GCC_WARN_ABOUT_RETURN_TYPE = YES_ERROR;
				GCC_WARN_UNDECLARED_SELECTOR = YES;
				GCC_WARN_UNINITIALIZED_AUTOS = YES_AGGRESSIVE;
				GCC_WARN_UNUSED_FUNCTION = YES;
				GCC_WARN_UNUSED_VARIABLE = YES;
				IPHONEOS_DEPLOYMENT_TARGET = 8.1;
				MTL_ENABLE_DEBUG_INFO = YES;
				ONLY_ACTIVE_ARCH = YES;
				SDKROOT = iphoneos;
				SWIFT_OPTIMIZATION_LEVEL = "-Onone";
			};
			name = Debug;
		};
		1691F58C1A599C69002C78C4 /* Release */ = {
			isa = XCBuildConfiguration;
			buildSettings = {
				ALWAYS_SEARCH_USER_PATHS = NO;
				CLANG_CXX_LANGUAGE_STANDARD = "gnu++0x";
				CLANG_CXX_LIBRARY = "libc++";
				CLANG_ENABLE_MODULES = YES;
				CLANG_ENABLE_OBJC_ARC = YES;
				CLANG_WARN_BOOL_CONVERSION = YES;
				CLANG_WARN_CONSTANT_CONVERSION = YES;
				CLANG_WARN_DIRECT_OBJC_ISA_USAGE = YES_ERROR;
				CLANG_WARN_EMPTY_BODY = YES;
				CLANG_WARN_ENUM_CONVERSION = YES;
				CLANG_WARN_INT_CONVERSION = YES;
				CLANG_WARN_OBJC_ROOT_CLASS = YES_ERROR;
				CLANG_WARN_UNREACHABLE_CODE = YES;
				CLANG_WARN__DUPLICATE_METHOD_MATCH = YES;
				"CODE_SIGN_IDENTITY[sdk=iphoneos*]" = "iPhone Developer";
				COPY_PHASE_STRIP = YES;
				ENABLE_NS_ASSERTIONS = NO;
				ENABLE_STRICT_OBJC_MSGSEND = YES;
				GCC_C_LANGUAGE_STANDARD = gnu99;
				GCC_WARN_64_TO_32_BIT_CONVERSION = YES;
				GCC_WARN_ABOUT_RETURN_TYPE = YES_ERROR;
				GCC_WARN_UNDECLARED_SELECTOR = YES;
				GCC_WARN_UNINITIALIZED_AUTOS = YES_AGGRESSIVE;
				GCC_WARN_UNUSED_FUNCTION = YES;
				GCC_WARN_UNUSED_VARIABLE = YES;
				IPHONEOS_DEPLOYMENT_TARGET = 8.1;
				MTL_ENABLE_DEBUG_INFO = NO;
				SDKROOT = iphoneos;
				VALIDATE_PRODUCT = YES;
			};
			name = Release;
		};
		1691F58E1A599C69002C78C4 /* Debug */ = {
			isa = XCBuildConfiguration;
			buildSettings = {
				ASSETCATALOG_COMPILER_APPICON_NAME = AppIcon;
				INFOPLIST_FILE = Digg/Info.plist;
				LD_RUNPATH_SEARCH_PATHS = "$(inherited) @executable_path/Frameworks";
				PRODUCT_NAME = "$(TARGET_NAME)";
			};
			name = Debug;
		};
		1691F58F1A599C69002C78C4 /* Release */ = {
			isa = XCBuildConfiguration;
			buildSettings = {
				ASSETCATALOG_COMPILER_APPICON_NAME = AppIcon;
				INFOPLIST_FILE = Digg/Info.plist;
				LD_RUNPATH_SEARCH_PATHS = "$(inherited) @executable_path/Frameworks";
				PRODUCT_NAME = "$(TARGET_NAME)";
			};
			name = Release;
		};
		1691F5911A599C69002C78C4 /* Debug */ = {
			isa = XCBuildConfiguration;
			buildSettings = {
				BUNDLE_LOADER = "$(TEST_HOST)";
				FRAMEWORK_SEARCH_PATHS = (
					"$(SDKROOT)/Developer/Library/Frameworks",
					"$(inherited)",
				);
				GCC_PREPROCESSOR_DEFINITIONS = (
					"DEBUG=1",
					"$(inherited)",
				);
				INFOPLIST_FILE = DiggTests/Info.plist;
				LD_RUNPATH_SEARCH_PATHS = "$(inherited) @executable_path/Frameworks @loader_path/Frameworks";
				PRODUCT_NAME = "$(TARGET_NAME)";
				TEST_HOST = "$(BUILT_PRODUCTS_DIR)/Digg.app/Digg";
			};
			name = Debug;
		};
		1691F5921A599C69002C78C4 /* Release */ = {
			isa = XCBuildConfiguration;
			buildSettings = {
				BUNDLE_LOADER = "$(TEST_HOST)";
				FRAMEWORK_SEARCH_PATHS = (
					"$(SDKROOT)/Developer/Library/Frameworks",
					"$(inherited)",
				);
				INFOPLIST_FILE = DiggTests/Info.plist;
				LD_RUNPATH_SEARCH_PATHS = "$(inherited) @executable_path/Frameworks @loader_path/Frameworks";
				PRODUCT_NAME = "$(TARGET_NAME)";
				TEST_HOST = "$(BUILT_PRODUCTS_DIR)/Digg.app/Digg";
			};
			name = Release;
		};
/* End XCBuildConfiguration section */

/* Begin XCConfigurationList section */
		1691F5661A599C69002C78C4 /* Build configuration list for PBXProject "Digg" */ = {
			isa = XCConfigurationList;
			buildConfigurations = (
				1691F58B1A599C69002C78C4 /* Debug */,
				1691F58C1A599C69002C78C4 /* Release */,
			);
			defaultConfigurationIsVisible = 0;
			defaultConfigurationName = Release;
		};
		1691F58D1A599C69002C78C4 /* Build configuration list for PBXNativeTarget "Digg" */ = {
			isa = XCConfigurationList;
			buildConfigurations = (
				1691F58E1A599C69002C78C4 /* Debug */,
				1691F58F1A599C69002C78C4 /* Release */,
			);
			defaultConfigurationIsVisible = 0;
		};
		1691F5901A599C69002C78C4 /* Build configuration list for PBXNativeTarget "DiggTests" */ = {
			isa = XCConfigurationList;
			buildConfigurations = (
				1691F5911A599C69002C78C4 /* Debug */,
				1691F5921A599C69002C78C4 /* Release */,
			);
			defaultConfigurationIsVisible = 0;
		};
/* End XCConfigurationList section */

/* Begin XCVersionGroup section */
		1691F5721A599C69002C78C4 /* Digg.xcdatamodeld */ = {
			isa = XCVersionGroup;
			children = (
				1691F5731A599C69002C78C4 /* Digg.xcdatamodel */,
			);
			currentVersion = 1691F5731A599C69002C78C4 /* Digg.xcdatamodel */;
			path = Digg.xcdatamodeld;
			sourceTree = "<group>";
			versionGroupType = wrapper.xcdatamodel;
		};
/* End XCVersionGroup section */
	};
	rootObject = 1691F5631A599C69002C78C4 /* Project object */;
}
